
Microsoft Visual Studio Solution File, Format Version 12.00
# Visual Studio Version 17
VisualStudioVersion = 17.3.32728.150
MinimumVisualStudioVersion = 10.0.40219.1
Project("{9A19103F-16F7-4668-BE54-9A1E7A4F7556}") = "BlockchainSQL.DataAccess", "BlockchainSQL.DataAccess\BlockchainSQL.DataAccess.csproj", "{D7D8065C-BC79-4C87-980A-9F0E1E40A488}"
EndProject
Project("{9A19103F-16F7-4668-BE54-9A1E7A4F7556}") = "BlockchainSQL.Processing", "BlockchainSQL.Processing\BlockchainSQL.Processing.csproj", "{2474624E-3339-460C-90AC-616041BDF3D4}"
EndProject
Project("{9A19103F-16F7-4668-BE54-9A1E7A4F7556}") = "BlockchainSQL.DataAccess.NHibernate", "BlockchainSQL.DataAccess.NHibernate\BlockchainSQL.DataAccess.NHibernate.csproj", "{11C589B3-6F79-4FD9-9E77-80F188F34242}"
EndProject
Project("{2150E333-8FDC-42A3-9474-1A3956D46DE8}") = "4 - System", "4 - System", "{24285B43-F6E2-4320-BFA1-9B5C2E2DC626}"
EndProject
Project("{9A19103F-16F7-4668-BE54-9A1E7A4F7556}") = "BlockchainSQL.DataObjects", "BlockchainSQL.DataObjects\BlockchainSQL.DataObjects.csproj", "{C8FB075F-F2F1-4663-A19C-F6F9BCC9030E}"
EndProject
Project("{9A19103F-16F7-4668-BE54-9A1E7A4F7556}") = "BlockchainSQL.NUnit", "BlockchainSQL.NUnit\BlockchainSQL.NUnit.csproj", "{3ECEBE06-88DB-4D5A-A8B8-7B7A5AE9B7B1}"
EndProject
Project("{9A19103F-16F7-4668-BE54-9A1E7A4F7556}") = "BlockchainSQL.Web", "BlockchainSQL.Web\BlockchainSQL.Web.csproj", "{03242453-EEBA-48DD-836C-47CB7EF57D80}"
EndProject
Project("{2150E333-8FDC-42A3-9474-1A3956D46DE8}") = "1 - UI", "1 - UI", "{AD6B54C3-BA61-4B27-9F50-BE8122511F0E}"
EndProject
Project("{2150E333-8FDC-42A3-9474-1A3956D46DE8}") = "2 - Processing", "2 - Processing", "{852E106B-1BC6-4746-BF03-7F9D45A86719}"
EndProject
Project("{2150E333-8FDC-42A3-9474-1A3956D46DE8}") = "3 - Data", "3 - Data", "{59662E69-E5FD-4EBA-A02D-4DFCEAB9079C}"
EndProject
Project("{2150E333-8FDC-42A3-9474-1A3956D46DE8}") = "5 - Unit Tests", "5 - Unit Tests", "{24EE882B-0DA1-4872-8C97-D9C99A5F244A}"
EndProject
Project("{9A19103F-16F7-4668-BE54-9A1E7A4F7556}") = "BlockchainSQL.Web.DataObjects", "BlockchainSQL.Web.DataObjects\BlockchainSQL.Web.DataObjects.csproj", "{D1A7689D-0EAB-4A09-BEA4-FC7A5C170CBD}"
EndProject
Project("{9A19103F-16F7-4668-BE54-9A1E7A4F7556}") = "BlockchainSQL.Web.DataAccess", "BlockchainSQL.Web.DataAccess\BlockchainSQL.Web.DataAccess.csproj", "{00E389DE-E9C4-416A-B9BE-A35988E6A49D}"
EndProject
Project("{9A19103F-16F7-4668-BE54-9A1E7A4F7556}") = "BlockchainSQL.Server", "BlockchainSQL.Server\BlockchainSQL.Server.csproj", "{0D5F416A-DD59-49AE-BA6B-B04C09241B06}"
EndProject
Project("{9A19103F-16F7-4668-BE54-9A1E7A4F7556}") = "Hydrogen.Application", "..\Hydrogen\src\Hydrogen.Application\Hydrogen.Application.csproj", "{9D084836-BC7D-4593-9F7B-7385D765FFC0}"
EndProject
Project("{9A19103F-16F7-4668-BE54-9A1E7A4F7556}") = "Hydrogen.Data", "..\Hydrogen\src\Hydrogen.Data\Hydrogen.Data.csproj", "{92FEF1DF-BA3A-4E76-8D91-8B8DF5D3C148}"
EndProject
Project("{9A19103F-16F7-4668-BE54-9A1E7A4F7556}") = "Hydrogen.Data.Firebird", "..\Hydrogen\src\Hydrogen.Data.Firebird\Hydrogen.Data.Firebird.csproj", "{1C677A80-4066-42E2-A899-8137CAF1E113}"
EndProject
Project("{9A19103F-16F7-4668-BE54-9A1E7A4F7556}") = "Hydrogen.Data.MSSQL", "..\Hydrogen\src\Hydrogen.Data.MSSQL\Hydrogen.Data.MSSQL.csproj", "{3955D8D5-8522-45CD-A157-5440EAD27DF6}"
EndProject
Project("{9A19103F-16F7-4668-BE54-9A1E7A4F7556}") = "Hydrogen.Data.Sqlite", "..\Hydrogen\src\Hydrogen.Data.Sqlite\Hydrogen.Data.Sqlite.csproj", "{2F5340EE-E6EB-4605-AC36-8853180DF97A}"
EndProject
Project("{9A19103F-16F7-4668-BE54-9A1E7A4F7556}") = "Hydrogen.Drawing", "..\Hydrogen\src\Hydrogen.Drawing\Hydrogen.Drawing.csproj", "{3D35AB46-AB43-4464-839C-8304F980ABC5}"
EndProject
Project("{9A19103F-16F7-4668-BE54-9A1E7A4F7556}") = "Hydrogen.NUnit", "..\Hydrogen\src\Hydrogen.NUnit\Hydrogen.NUnit.csproj", "{72787D46-92CB-4391-AAB2-F815201A7CDA}"
EndProject
Project("{9A19103F-16F7-4668-BE54-9A1E7A4F7556}") = "Hydrogen.Windows", "..\Hydrogen\src\Hydrogen.Windows\Hydrogen.Windows.csproj", "{A09540B1-88C0-47E6-98D8-731C490DB869}"
EndProject
Project("{9A19103F-16F7-4668-BE54-9A1E7A4F7556}") = "Hydrogen.Windows.Forms", "..\Hydrogen\src\Hydrogen.Windows.Forms\Hydrogen.Windows.Forms.csproj", "{239CC8DA-C3DD-49FE-8ED5-58CF0061D8A0}"
EndProject
Project("{9A19103F-16F7-4668-BE54-9A1E7A4F7556}") = "Hydrogen.Windows.Forms.MSSQL", "..\Hydrogen\src\Hydrogen.Windows.Forms.MSSQL\Hydrogen.Windows.Forms.MSSQL.csproj", "{97D707E8-38FF-4435-B7A6-7F777D255E3A}"
EndProject
Project("{9A19103F-16F7-4668-BE54-9A1E7A4F7556}") = "Hydrogen.Windows.Forms.Firebird", "..\Hydrogen\src\Hydrogen.Windows.Forms.Firebird\Hydrogen.Windows.Forms.Firebird.csproj", "{0AAE6912-CDE3-4D49-9AE5-63193105537C}"
EndProject
Project("{9A19103F-16F7-4668-BE54-9A1E7A4F7556}") = "Hydrogen.Windows.Forms.Sqlite", "..\Hydrogen\src\Hydrogen.Windows.Forms.Sqlite\Hydrogen.Windows.Forms.Sqlite.csproj", "{BD8F6B59-E0DB-4DEE-A144-944BBC44FD9D}"
EndProject
Project("{9A19103F-16F7-4668-BE54-9A1E7A4F7556}") = "Hydrogen.Windows.LevelDB", "..\Hydrogen\src\Hydrogen.Windows.LevelDB\Hydrogen.Windows.LevelDB.csproj", "{C1549308-26F7-49C3-B1AA-8AD986C90DB8}"
EndProject
Project("{9A19103F-16F7-4668-BE54-9A1E7A4F7556}") = "Hydrogen.Data.NHibernate", "..\Hydrogen\src\Hydrogen.Data.NHibernate\Hydrogen.Data.NHibernate.csproj", "{D7F7C71A-C8CE-4A1E-A1A9-16A46B58C785}"
EndProject
Project("{9A19103F-16F7-4668-BE54-9A1E7A4F7556}") = "Hydrogen", "..\Hydrogen\src\Hydrogen\Hydrogen.csproj", "{2110E244-3948-4A34-8F6A-EFBDA030C193}"
EndProject
Project("{9A19103F-16F7-4668-BE54-9A1E7A4F7556}") = "Hydrogen.Web.AspNetCore", "..\Hydrogen\src\Hydrogen.Web.AspNetCore\Hydrogen.Web.AspNetCore.csproj", "{2BB09328-4FC0-413B-A9A7-9A85C3B07473}"
EndProject
Project("{9A19103F-16F7-4668-BE54-9A1E7A4F7556}") = "Hydrogen.CryptoEx", "..\Hydrogen\src\Hydrogen.CryptoEx\Hydrogen.CryptoEx.csproj", "{AD6F31E7-EBDD-4028-87BF-C7280A3C36AE}"
EndProject
Global
	GlobalSection(SolutionConfigurationPlatforms) = preSolution
		Debug|Any CPU = Debug|Any CPU
		Debug|x86 = Debug|x86
		Release|Any CPU = Release|Any CPU
		Release|x86 = Release|x86
	EndGlobalSection
	GlobalSection(ProjectConfigurationPlatforms) = postSolution
		{D7D8065C-BC79-4C87-980A-9F0E1E40A488}.Debug|Any CPU.ActiveCfg = Debug|Any CPU
		{D7D8065C-BC79-4C87-980A-9F0E1E40A488}.Debug|Any CPU.Build.0 = Debug|Any CPU
		{D7D8065C-BC79-4C87-980A-9F0E1E40A488}.Debug|x86.ActiveCfg = Debug|Any CPU
		{D7D8065C-BC79-4C87-980A-9F0E1E40A488}.Release|Any CPU.ActiveCfg = Release|Any CPU
		{D7D8065C-BC79-4C87-980A-9F0E1E40A488}.Release|Any CPU.Build.0 = Release|Any CPU
		{D7D8065C-BC79-4C87-980A-9F0E1E40A488}.Release|x86.ActiveCfg = Release|Any CPU
		{2474624E-3339-460C-90AC-616041BDF3D4}.Debug|Any CPU.ActiveCfg = Debug|Any CPU
		{2474624E-3339-460C-90AC-616041BDF3D4}.Debug|Any CPU.Build.0 = Debug|Any CPU
		{2474624E-3339-460C-90AC-616041BDF3D4}.Debug|x86.ActiveCfg = Debug|Any CPU
		{2474624E-3339-460C-90AC-616041BDF3D4}.Release|Any CPU.ActiveCfg = Release|Any CPU
		{2474624E-3339-460C-90AC-616041BDF3D4}.Release|Any CPU.Build.0 = Release|Any CPU
		{2474624E-3339-460C-90AC-616041BDF3D4}.Release|x86.ActiveCfg = Release|Any CPU
		{11C589B3-6F79-4FD9-9E77-80F188F34242}.Debug|Any CPU.ActiveCfg = Debug|Any CPU
		{11C589B3-6F79-4FD9-9E77-80F188F34242}.Debug|Any CPU.Build.0 = Debug|Any CPU
		{11C589B3-6F79-4FD9-9E77-80F188F34242}.Debug|x86.ActiveCfg = Debug|Any CPU
		{11C589B3-6F79-4FD9-9E77-80F188F34242}.Release|Any CPU.ActiveCfg = Release|Any CPU
		{11C589B3-6F79-4FD9-9E77-80F188F34242}.Release|Any CPU.Build.0 = Release|Any CPU
		{11C589B3-6F79-4FD9-9E77-80F188F34242}.Release|x86.ActiveCfg = Release|Any CPU
		{C8FB075F-F2F1-4663-A19C-F6F9BCC9030E}.Debug|Any CPU.ActiveCfg = Debug|Any CPU
		{C8FB075F-F2F1-4663-A19C-F6F9BCC9030E}.Debug|Any CPU.Build.0 = Debug|Any CPU
		{C8FB075F-F2F1-4663-A19C-F6F9BCC9030E}.Debug|x86.ActiveCfg = Debug|Any CPU
		{C8FB075F-F2F1-4663-A19C-F6F9BCC9030E}.Release|Any CPU.ActiveCfg = Release|Any CPU
		{C8FB075F-F2F1-4663-A19C-F6F9BCC9030E}.Release|Any CPU.Build.0 = Release|Any CPU
		{C8FB075F-F2F1-4663-A19C-F6F9BCC9030E}.Release|x86.ActiveCfg = Release|Any CPU
		{3ECEBE06-88DB-4D5A-A8B8-7B7A5AE9B7B1}.Debug|Any CPU.ActiveCfg = Debug|Any CPU
		{3ECEBE06-88DB-4D5A-A8B8-7B7A5AE9B7B1}.Debug|Any CPU.Build.0 = Debug|Any CPU
		{3ECEBE06-88DB-4D5A-A8B8-7B7A5AE9B7B1}.Debug|x86.ActiveCfg = Debug|Any CPU
		{3ECEBE06-88DB-4D5A-A8B8-7B7A5AE9B7B1}.Release|Any CPU.ActiveCfg = Release|Any CPU
		{3ECEBE06-88DB-4D5A-A8B8-7B7A5AE9B7B1}.Release|Any CPU.Build.0 = Release|Any CPU
		{3ECEBE06-88DB-4D5A-A8B8-7B7A5AE9B7B1}.Release|x86.ActiveCfg = Release|Any CPU
		{03242453-EEBA-48DD-836C-47CB7EF57D80}.Debug|Any CPU.ActiveCfg = Debug|Any CPU
		{03242453-EEBA-48DD-836C-47CB7EF57D80}.Debug|Any CPU.Build.0 = Debug|Any CPU
		{03242453-EEBA-48DD-836C-47CB7EF57D80}.Debug|x86.ActiveCfg = Debug|Any CPU
		{03242453-EEBA-48DD-836C-47CB7EF57D80}.Debug|x86.Build.0 = Debug|Any CPU
		{03242453-EEBA-48DD-836C-47CB7EF57D80}.Release|Any CPU.ActiveCfg = Release|Any CPU
		{03242453-EEBA-48DD-836C-47CB7EF57D80}.Release|Any CPU.Build.0 = Release|Any CPU
		{03242453-EEBA-48DD-836C-47CB7EF57D80}.Release|x86.ActiveCfg = Release|Any CPU
		{03242453-EEBA-48DD-836C-47CB7EF57D80}.Release|x86.Build.0 = Release|Any CPU
		{D1A7689D-0EAB-4A09-BEA4-FC7A5C170CBD}.Debug|Any CPU.ActiveCfg = Debug|Any CPU
		{D1A7689D-0EAB-4A09-BEA4-FC7A5C170CBD}.Debug|Any CPU.Build.0 = Debug|Any CPU
		{D1A7689D-0EAB-4A09-BEA4-FC7A5C170CBD}.Debug|x86.ActiveCfg = Debug|Any CPU
		{D1A7689D-0EAB-4A09-BEA4-FC7A5C170CBD}.Debug|x86.Build.0 = Debug|Any CPU
		{D1A7689D-0EAB-4A09-BEA4-FC7A5C170CBD}.Release|Any CPU.ActiveCfg = Release|Any CPU
		{D1A7689D-0EAB-4A09-BEA4-FC7A5C170CBD}.Release|Any CPU.Build.0 = Release|Any CPU
		{D1A7689D-0EAB-4A09-BEA4-FC7A5C170CBD}.Release|x86.ActiveCfg = Release|Any CPU
		{D1A7689D-0EAB-4A09-BEA4-FC7A5C170CBD}.Release|x86.Build.0 = Release|Any CPU
		{00E389DE-E9C4-416A-B9BE-A35988E6A49D}.Debug|Any CPU.ActiveCfg = Debug|Any CPU
		{00E389DE-E9C4-416A-B9BE-A35988E6A49D}.Debug|Any CPU.Build.0 = Debug|Any CPU
		{00E389DE-E9C4-416A-B9BE-A35988E6A49D}.Debug|x86.ActiveCfg = Debug|Any CPU
		{00E389DE-E9C4-416A-B9BE-A35988E6A49D}.Debug|x86.Build.0 = Debug|Any CPU
		{00E389DE-E9C4-416A-B9BE-A35988E6A49D}.Release|Any CPU.ActiveCfg = Release|Any CPU
		{00E389DE-E9C4-416A-B9BE-A35988E6A49D}.Release|Any CPU.Build.0 = Release|Any CPU
		{00E389DE-E9C4-416A-B9BE-A35988E6A49D}.Release|x86.ActiveCfg = Release|Any CPU
		{00E389DE-E9C4-416A-B9BE-A35988E6A49D}.Release|x86.Build.0 = Release|Any CPU
		{0D5F416A-DD59-49AE-BA6B-B04C09241B06}.Debug|Any CPU.ActiveCfg = Debug|Any CPU
		{0D5F416A-DD59-49AE-BA6B-B04C09241B06}.Debug|Any CPU.Build.0 = Debug|Any CPU
		{0D5F416A-DD59-49AE-BA6B-B04C09241B06}.Debug|x86.ActiveCfg = Debug|Any CPU
		{0D5F416A-DD59-49AE-BA6B-B04C09241B06}.Debug|x86.Build.0 = Debug|Any CPU
		{0D5F416A-DD59-49AE-BA6B-B04C09241B06}.Release|Any CPU.ActiveCfg = Release|Any CPU
		{0D5F416A-DD59-49AE-BA6B-B04C09241B06}.Release|Any CPU.Build.0 = Release|Any CPU
		{0D5F416A-DD59-49AE-BA6B-B04C09241B06}.Release|x86.ActiveCfg = Release|Any CPU
		{0D5F416A-DD59-49AE-BA6B-B04C09241B06}.Release|x86.Build.0 = Release|Any CPU
		{9D084836-BC7D-4593-9F7B-7385D765FFC0}.Debug|Any CPU.ActiveCfg = Debug|Any CPU
		{9D084836-BC7D-4593-9F7B-7385D765FFC0}.Debug|Any CPU.Build.0 = Debug|Any CPU
		{9D084836-BC7D-4593-9F7B-7385D765FFC0}.Debug|x86.ActiveCfg = Debug|Any CPU
		{9D084836-BC7D-4593-9F7B-7385D765FFC0}.Debug|x86.Build.0 = Debug|Any CPU
		{9D084836-BC7D-4593-9F7B-7385D765FFC0}.Release|Any CPU.ActiveCfg = Release|Any CPU
		{9D084836-BC7D-4593-9F7B-7385D765FFC0}.Release|Any CPU.Build.0 = Release|Any CPU
		{9D084836-BC7D-4593-9F7B-7385D765FFC0}.Release|x86.ActiveCfg = Release|Any CPU
		{9D084836-BC7D-4593-9F7B-7385D765FFC0}.Release|x86.Build.0 = Release|Any CPU
		{92FEF1DF-BA3A-4E76-8D91-8B8DF5D3C148}.Debug|Any CPU.ActiveCfg = Debug|Any CPU
		{92FEF1DF-BA3A-4E76-8D91-8B8DF5D3C148}.Debug|Any CPU.Build.0 = Debug|Any CPU
		{92FEF1DF-BA3A-4E76-8D91-8B8DF5D3C148}.Debug|x86.ActiveCfg = Debug|Any CPU
		{92FEF1DF-BA3A-4E76-8D91-8B8DF5D3C148}.Debug|x86.Build.0 = Debug|Any CPU
		{92FEF1DF-BA3A-4E76-8D91-8B8DF5D3C148}.Release|Any CPU.ActiveCfg = Release|Any CPU
		{92FEF1DF-BA3A-4E76-8D91-8B8DF5D3C148}.Release|Any CPU.Build.0 = Release|Any CPU
		{92FEF1DF-BA3A-4E76-8D91-8B8DF5D3C148}.Release|x86.ActiveCfg = Release|Any CPU
		{92FEF1DF-BA3A-4E76-8D91-8B8DF5D3C148}.Release|x86.Build.0 = Release|Any CPU
		{1C677A80-4066-42E2-A899-8137CAF1E113}.Debug|Any CPU.ActiveCfg = Debug|Any CPU
		{1C677A80-4066-42E2-A899-8137CAF1E113}.Debug|Any CPU.Build.0 = Debug|Any CPU
		{1C677A80-4066-42E2-A899-8137CAF1E113}.Debug|x86.ActiveCfg = Debug|Any CPU
		{1C677A80-4066-42E2-A899-8137CAF1E113}.Debug|x86.Build.0 = Debug|Any CPU
		{1C677A80-4066-42E2-A899-8137CAF1E113}.Release|Any CPU.ActiveCfg = Release|Any CPU
		{1C677A80-4066-42E2-A899-8137CAF1E113}.Release|Any CPU.Build.0 = Release|Any CPU
		{1C677A80-4066-42E2-A899-8137CAF1E113}.Release|x86.ActiveCfg = Release|Any CPU
		{1C677A80-4066-42E2-A899-8137CAF1E113}.Release|x86.Build.0 = Release|Any CPU
		{3955D8D5-8522-45CD-A157-5440EAD27DF6}.Debug|Any CPU.ActiveCfg = Debug|Any CPU
		{3955D8D5-8522-45CD-A157-5440EAD27DF6}.Debug|Any CPU.Build.0 = Debug|Any CPU
		{3955D8D5-8522-45CD-A157-5440EAD27DF6}.Debug|x86.ActiveCfg = Debug|Any CPU
		{3955D8D5-8522-45CD-A157-5440EAD27DF6}.Debug|x86.Build.0 = Debug|Any CPU
		{3955D8D5-8522-45CD-A157-5440EAD27DF6}.Release|Any CPU.ActiveCfg = Release|Any CPU
		{3955D8D5-8522-45CD-A157-5440EAD27DF6}.Release|Any CPU.Build.0 = Release|Any CPU
		{3955D8D5-8522-45CD-A157-5440EAD27DF6}.Release|x86.ActiveCfg = Release|Any CPU
		{3955D8D5-8522-45CD-A157-5440EAD27DF6}.Release|x86.Build.0 = Release|Any CPU
		{2F5340EE-E6EB-4605-AC36-8853180DF97A}.Debug|Any CPU.ActiveCfg = Debug|Any CPU
		{2F5340EE-E6EB-4605-AC36-8853180DF97A}.Debug|Any CPU.Build.0 = Debug|Any CPU
		{2F5340EE-E6EB-4605-AC36-8853180DF97A}.Debug|x86.ActiveCfg = Debug|Any CPU
		{2F5340EE-E6EB-4605-AC36-8853180DF97A}.Debug|x86.Build.0 = Debug|Any CPU
		{2F5340EE-E6EB-4605-AC36-8853180DF97A}.Release|Any CPU.ActiveCfg = Release|Any CPU
		{2F5340EE-E6EB-4605-AC36-8853180DF97A}.Release|Any CPU.Build.0 = Release|Any CPU
		{2F5340EE-E6EB-4605-AC36-8853180DF97A}.Release|x86.ActiveCfg = Release|Any CPU
		{2F5340EE-E6EB-4605-AC36-8853180DF97A}.Release|x86.Build.0 = Release|Any CPU
		{3D35AB46-AB43-4464-839C-8304F980ABC5}.Debug|Any CPU.ActiveCfg = Debug|Any CPU
		{3D35AB46-AB43-4464-839C-8304F980ABC5}.Debug|Any CPU.Build.0 = Debug|Any CPU
		{3D35AB46-AB43-4464-839C-8304F980ABC5}.Debug|x86.ActiveCfg = Debug|Any CPU
		{3D35AB46-AB43-4464-839C-8304F980ABC5}.Debug|x86.Build.0 = Debug|Any CPU
		{3D35AB46-AB43-4464-839C-8304F980ABC5}.Release|Any CPU.ActiveCfg = Release|Any CPU
		{3D35AB46-AB43-4464-839C-8304F980ABC5}.Release|Any CPU.Build.0 = Release|Any CPU
		{3D35AB46-AB43-4464-839C-8304F980ABC5}.Release|x86.ActiveCfg = Release|Any CPU
		{3D35AB46-AB43-4464-839C-8304F980ABC5}.Release|x86.Build.0 = Release|Any CPU
		{72787D46-92CB-4391-AAB2-F815201A7CDA}.Debug|Any CPU.ActiveCfg = Debug|Any CPU
		{72787D46-92CB-4391-AAB2-F815201A7CDA}.Debug|Any CPU.Build.0 = Debug|Any CPU
		{72787D46-92CB-4391-AAB2-F815201A7CDA}.Debug|x86.ActiveCfg = Debug|Any CPU
		{72787D46-92CB-4391-AAB2-F815201A7CDA}.Debug|x86.Build.0 = Debug|Any CPU
		{72787D46-92CB-4391-AAB2-F815201A7CDA}.Release|Any CPU.ActiveCfg = Release|Any CPU
		{72787D46-92CB-4391-AAB2-F815201A7CDA}.Release|Any CPU.Build.0 = Release|Any CPU
		{72787D46-92CB-4391-AAB2-F815201A7CDA}.Release|x86.ActiveCfg = Release|Any CPU
		{72787D46-92CB-4391-AAB2-F815201A7CDA}.Release|x86.Build.0 = Release|Any CPU
		{A09540B1-88C0-47E6-98D8-731C490DB869}.Debug|Any CPU.ActiveCfg = Debug|Any CPU
		{A09540B1-88C0-47E6-98D8-731C490DB869}.Debug|Any CPU.Build.0 = Debug|Any CPU
		{A09540B1-88C0-47E6-98D8-731C490DB869}.Debug|x86.ActiveCfg = Debug|x86
		{A09540B1-88C0-47E6-98D8-731C490DB869}.Debug|x86.Build.0 = Debug|x86
		{A09540B1-88C0-47E6-98D8-731C490DB869}.Release|Any CPU.ActiveCfg = Release|Any CPU
		{A09540B1-88C0-47E6-98D8-731C490DB869}.Release|Any CPU.Build.0 = Release|Any CPU
		{A09540B1-88C0-47E6-98D8-731C490DB869}.Release|x86.ActiveCfg = Release|x86
		{A09540B1-88C0-47E6-98D8-731C490DB869}.Release|x86.Build.0 = Release|x86
		{239CC8DA-C3DD-49FE-8ED5-58CF0061D8A0}.Debug|Any CPU.ActiveCfg = Debug|Any CPU
		{239CC8DA-C3DD-49FE-8ED5-58CF0061D8A0}.Debug|Any CPU.Build.0 = Debug|Any CPU
		{239CC8DA-C3DD-49FE-8ED5-58CF0061D8A0}.Debug|x86.ActiveCfg = Debug|x86
		{239CC8DA-C3DD-49FE-8ED5-58CF0061D8A0}.Debug|x86.Build.0 = Debug|x86
		{239CC8DA-C3DD-49FE-8ED5-58CF0061D8A0}.Release|Any CPU.ActiveCfg = Release|Any CPU
		{239CC8DA-C3DD-49FE-8ED5-58CF0061D8A0}.Release|Any CPU.Build.0 = Release|Any CPU
		{239CC8DA-C3DD-49FE-8ED5-58CF0061D8A0}.Release|x86.ActiveCfg = Release|x86
		{239CC8DA-C3DD-49FE-8ED5-58CF0061D8A0}.Release|x86.Build.0 = Release|x86
		{97D707E8-38FF-4435-B7A6-7F777D255E3A}.Debug|Any CPU.ActiveCfg = Debug|Any CPU
		{97D707E8-38FF-4435-B7A6-7F777D255E3A}.Debug|Any CPU.Build.0 = Debug|Any CPU
		{97D707E8-38FF-4435-B7A6-7F777D255E3A}.Debug|x86.ActiveCfg = Debug|Any CPU
		{97D707E8-38FF-4435-B7A6-7F777D255E3A}.Debug|x86.Build.0 = Debug|Any CPU
		{97D707E8-38FF-4435-B7A6-7F777D255E3A}.Release|Any CPU.ActiveCfg = Release|Any CPU
		{97D707E8-38FF-4435-B7A6-7F777D255E3A}.Release|Any CPU.Build.0 = Release|Any CPU
		{97D707E8-38FF-4435-B7A6-7F777D255E3A}.Release|x86.ActiveCfg = Release|Any CPU
		{97D707E8-38FF-4435-B7A6-7F777D255E3A}.Release|x86.Build.0 = Release|Any CPU
		{0AAE6912-CDE3-4D49-9AE5-63193105537C}.Debug|Any CPU.ActiveCfg = Debug|Any CPU
		{0AAE6912-CDE3-4D49-9AE5-63193105537C}.Debug|Any CPU.Build.0 = Debug|Any CPU
		{0AAE6912-CDE3-4D49-9AE5-63193105537C}.Debug|x86.ActiveCfg = Debug|x86
		{0AAE6912-CDE3-4D49-9AE5-63193105537C}.Debug|x86.Build.0 = Debug|x86
		{0AAE6912-CDE3-4D49-9AE5-63193105537C}.Release|Any CPU.ActiveCfg = Release|Any CPU
		{0AAE6912-CDE3-4D49-9AE5-63193105537C}.Release|Any CPU.Build.0 = Release|Any CPU
		{0AAE6912-CDE3-4D49-9AE5-63193105537C}.Release|x86.ActiveCfg = Release|x86
		{0AAE6912-CDE3-4D49-9AE5-63193105537C}.Release|x86.Build.0 = Release|x86
		{BD8F6B59-E0DB-4DEE-A144-944BBC44FD9D}.Debug|Any CPU.ActiveCfg = Debug|Any CPU
		{BD8F6B59-E0DB-4DEE-A144-944BBC44FD9D}.Debug|Any CPU.Build.0 = Debug|Any CPU
		{BD8F6B59-E0DB-4DEE-A144-944BBC44FD9D}.Debug|x86.ActiveCfg = Debug|x86
		{BD8F6B59-E0DB-4DEE-A144-944BBC44FD9D}.Debug|x86.Build.0 = Debug|x86
		{BD8F6B59-E0DB-4DEE-A144-944BBC44FD9D}.Release|Any CPU.ActiveCfg = Release|Any CPU
		{BD8F6B59-E0DB-4DEE-A144-944BBC44FD9D}.Release|Any CPU.Build.0 = Release|Any CPU
		{BD8F6B59-E0DB-4DEE-A144-944BBC44FD9D}.Release|x86.ActiveCfg = Release|x86
		{BD8F6B59-E0DB-4DEE-A144-944BBC44FD9D}.Release|x86.Build.0 = Release|x86
		{C1549308-26F7-49C3-B1AA-8AD986C90DB8}.Debug|Any CPU.ActiveCfg = Debug|Any CPU
		{C1549308-26F7-49C3-B1AA-8AD986C90DB8}.Debug|Any CPU.Build.0 = Debug|Any CPU
		{C1549308-26F7-49C3-B1AA-8AD986C90DB8}.Debug|x86.ActiveCfg = Debug|Any CPU
		{C1549308-26F7-49C3-B1AA-8AD986C90DB8}.Debug|x86.Build.0 = Debug|Any CPU
		{C1549308-26F7-49C3-B1AA-8AD986C90DB8}.Release|Any CPU.ActiveCfg = Release|Any CPU
		{C1549308-26F7-49C3-B1AA-8AD986C90DB8}.Release|Any CPU.Build.0 = Release|Any CPU
		{C1549308-26F7-49C3-B1AA-8AD986C90DB8}.Release|x86.ActiveCfg = Release|Any CPU
		{C1549308-26F7-49C3-B1AA-8AD986C90DB8}.Release|x86.Build.0 = Release|Any CPU
		{D7F7C71A-C8CE-4A1E-A1A9-16A46B58C785}.Debug|Any CPU.ActiveCfg = Debug|Any CPU
		{D7F7C71A-C8CE-4A1E-A1A9-16A46B58C785}.Debug|Any CPU.Build.0 = Debug|Any CPU
		{D7F7C71A-C8CE-4A1E-A1A9-16A46B58C785}.Debug|x86.ActiveCfg = Debug|Any CPU
		{D7F7C71A-C8CE-4A1E-A1A9-16A46B58C785}.Debug|x86.Build.0 = Debug|Any CPU
		{D7F7C71A-C8CE-4A1E-A1A9-16A46B58C785}.Release|Any CPU.ActiveCfg = Release|Any CPU
		{D7F7C71A-C8CE-4A1E-A1A9-16A46B58C785}.Release|Any CPU.Build.0 = Release|Any CPU
		{D7F7C71A-C8CE-4A1E-A1A9-16A46B58C785}.Release|x86.ActiveCfg = Release|Any CPU
		{D7F7C71A-C8CE-4A1E-A1A9-16A46B58C785}.Release|x86.Build.0 = Release|Any CPU
		{2110E244-3948-4A34-8F6A-EFBDA030C193}.Debug|Any CPU.ActiveCfg = Debug|Any CPU
		{2110E244-3948-4A34-8F6A-EFBDA030C193}.Debug|Any CPU.Build.0 = Debug|Any CPU
		{2110E244-3948-4A34-8F6A-EFBDA030C193}.Debug|x86.ActiveCfg = Debug|Any CPU
		{2110E244-3948-4A34-8F6A-EFBDA030C193}.Debug|x86.Build.0 = Debug|Any CPU
		{2110E244-3948-4A34-8F6A-EFBDA030C193}.Release|Any CPU.ActiveCfg = Release|Any CPU
		{2110E244-3948-4A34-8F6A-EFBDA030C193}.Release|Any CPU.Build.0 = Release|Any CPU
		{2110E244-3948-4A34-8F6A-EFBDA030C193}.Release|x86.ActiveCfg = Release|Any CPU
		{2110E244-3948-4A34-8F6A-EFBDA030C193}.Release|x86.Build.0 = Release|Any CPU
		{2BB09328-4FC0-413B-A9A7-9A85C3B07473}.Debug|Any CPU.ActiveCfg = Debug|Any CPU
		{2BB09328-4FC0-413B-A9A7-9A85C3B07473}.Debug|Any CPU.Build.0 = Debug|Any CPU
		{2BB09328-4FC0-413B-A9A7-9A85C3B07473}.Debug|x86.ActiveCfg = Debug|Any CPU
		{2BB09328-4FC0-413B-A9A7-9A85C3B07473}.Debug|x86.Build.0 = Debug|Any CPU
		{2BB09328-4FC0-413B-A9A7-9A85C3B07473}.Release|Any CPU.ActiveCfg = Release|Any CPU
		{2BB09328-4FC0-413B-A9A7-9A85C3B07473}.Release|Any CPU.Build.0 = Release|Any CPU
		{2BB09328-4FC0-413B-A9A7-9A85C3B07473}.Release|x86.ActiveCfg = Release|Any CPU
		{2BB09328-4FC0-413B-A9A7-9A85C3B07473}.Release|x86.Build.0 = Release|Any CPU
		{AD6F31E7-EBDD-4028-87BF-C7280A3C36AE}.Debug|Any CPU.ActiveCfg = Debug|Any CPU
		{AD6F31E7-EBDD-4028-87BF-C7280A3C36AE}.Debug|Any CPU.Build.0 = Debug|Any CPU
		{AD6F31E7-EBDD-4028-87BF-C7280A3C36AE}.Debug|x86.ActiveCfg = Debug|Any CPU
		{AD6F31E7-EBDD-4028-87BF-C7280A3C36AE}.Debug|x86.Build.0 = Debug|Any CPU
		{AD6F31E7-EBDD-4028-87BF-C7280A3C36AE}.Release|Any CPU.ActiveCfg = Release|Any CPU
		{AD6F31E7-EBDD-4028-87BF-C7280A3C36AE}.Release|Any CPU.Build.0 = Release|Any CPU
		{AD6F31E7-EBDD-4028-87BF-C7280A3C36AE}.Release|x86.ActiveCfg = Release|Any CPU
		{AD6F31E7-EBDD-4028-87BF-C7280A3C36AE}.Release|x86.Build.0 = Release|Any CPU
	EndGlobalSection
	GlobalSection(SolutionProperties) = preSolution
		HideSolutionNode = FALSE
	EndGlobalSection
	GlobalSection(NestedProjects) = preSolution
		{D7D8065C-BC79-4C87-980A-9F0E1E40A488} = {59662E69-E5FD-4EBA-A02D-4DFCEAB9079C}
		{2474624E-3339-460C-90AC-616041BDF3D4} = {852E106B-1BC6-4746-BF03-7F9D45A86719}
		{11C589B3-6F79-4FD9-9E77-80F188F34242} = {59662E69-E5FD-4EBA-A02D-4DFCEAB9079C}
		{C8FB075F-F2F1-4663-A19C-F6F9BCC9030E} = {59662E69-E5FD-4EBA-A02D-4DFCEAB9079C}
		{3ECEBE06-88DB-4D5A-A8B8-7B7A5AE9B7B1} = {24EE882B-0DA1-4872-8C97-D9C99A5F244A}
		{03242453-EEBA-48DD-836C-47CB7EF57D80} = {AD6B54C3-BA61-4B27-9F50-BE8122511F0E}
		{D1A7689D-0EAB-4A09-BEA4-FC7A5C170CBD} = {59662E69-E5FD-4EBA-A02D-4DFCEAB9079C}
		{00E389DE-E9C4-416A-B9BE-A35988E6A49D} = {59662E69-E5FD-4EBA-A02D-4DFCEAB9079C}
		{0D5F416A-DD59-49AE-BA6B-B04C09241B06} = {AD6B54C3-BA61-4B27-9F50-BE8122511F0E}
		{9D084836-BC7D-4593-9F7B-7385D765FFC0} = {24285B43-F6E2-4320-BFA1-9B5C2E2DC626}
		{92FEF1DF-BA3A-4E76-8D91-8B8DF5D3C148} = {24285B43-F6E2-4320-BFA1-9B5C2E2DC626}
		{1C677A80-4066-42E2-A899-8137CAF1E113} = {24285B43-F6E2-4320-BFA1-9B5C2E2DC626}
		{3955D8D5-8522-45CD-A157-5440EAD27DF6} = {24285B43-F6E2-4320-BFA1-9B5C2E2DC626}
		{2F5340EE-E6EB-4605-AC36-8853180DF97A} = {24285B43-F6E2-4320-BFA1-9B5C2E2DC626}
		{3D35AB46-AB43-4464-839C-8304F980ABC5} = {24285B43-F6E2-4320-BFA1-9B5C2E2DC626}
		{72787D46-92CB-4391-AAB2-F815201A7CDA} = {24285B43-F6E2-4320-BFA1-9B5C2E2DC626}
		{A09540B1-88C0-47E6-98D8-731C490DB869} = {24285B43-F6E2-4320-BFA1-9B5C2E2DC626}
		{239CC8DA-C3DD-49FE-8ED5-58CF0061D8A0} = {24285B43-F6E2-4320-BFA1-9B5C2E2DC626}
		{97D707E8-38FF-4435-B7A6-7F777D255E3A} = {24285B43-F6E2-4320-BFA1-9B5C2E2DC626}
		{0AAE6912-CDE3-4D49-9AE5-63193105537C} = {24285B43-F6E2-4320-BFA1-9B5C2E2DC626}
		{BD8F6B59-E0DB-4DEE-A144-944BBC44FD9D} = {24285B43-F6E2-4320-BFA1-9B5C2E2DC626}
		{C1549308-26F7-49C3-B1AA-8AD986C90DB8} = {24285B43-F6E2-4320-BFA1-9B5C2E2DC626}
		{D7F7C71A-C8CE-4A1E-A1A9-16A46B58C785} = {24285B43-F6E2-4320-BFA1-9B5C2E2DC626}
		{2110E244-3948-4A34-8F6A-EFBDA030C193} = {24285B43-F6E2-4320-BFA1-9B5C2E2DC626}
		{2BB09328-4FC0-413B-A9A7-9A85C3B07473} = {24285B43-F6E2-4320-BFA1-9B5C2E2DC626}
		{AD6F31E7-EBDD-4028-87BF-C7280A3C36AE} = {24285B43-F6E2-4320-BFA1-9B5C2E2DC626}
	EndGlobalSection
	GlobalSection(ExtensibilityGlobals) = postSolution
		SolutionGuid = {397BE48B-9758-4106-90CD-B7FF8C8AA782}
	EndGlobalSection
	GlobalSection(SubversionScc) = preSolution
		Svn-Managed = True
		Manager = AnkhSVN - Subversion Support for Visual Studio
	EndGlobalSection
EndGlobal
